# This file was autogenerated by Stack.
# You should not edit this file by hand.
# For more information, please see the documentation at:
#   https://docs.haskellstack.org/en/stable/lock_files

packages: []
snapshots:
- completed:
    size: 321429
    url: https://raw.githubusercontent.com/commercialhaskell/stackage-snapshots/master/nightly/2018/10/1.yaml
    sha256: ba159bcc32ce8c5af2ba678c21fc2a0c7b7da314c06e4440d048e52e17f26160
  original: nightly-2018-10-01
