# This file was autogenerated by Stack.
# You should not edit this file by hand.
# For more information, please see the documentation at:
#   https://docs.haskellstack.org/en/stable/lock_files

packages: []
snapshots:
- completed:
    sha256: 73801df3fb96599f5009f9c83a04645892788df6eef50f956fe21bf169b8d8a4
    size: 574465
    url: https://raw.githubusercontent.com/commercialhaskell/stackage-snapshots/master/nightly/2023/1/8.yaml
  original: nightly-2023-01-08
