# This file was autogenerated by Stack.
# You should not edit this file by hand.
# For more information, please see the documentation at:
#   https://docs.haskellstack.org/en/stable/lock_files

packages: []
snapshots:
- completed:
    sha256: 4905c93319aa94aa53da8f41d614d7bacdbfe6c63a8c6132d32e6e62f24a9af4
    size: 649315
    url: https://raw.githubusercontent.com/commercialhaskell/stackage-snapshots/master/lts/20/6.yaml
  original: lts-20.6
