# This file was autogenerated by Stack.
# You should not edit this file by hand.
# For more information, please see the documentation at:
#   https://docs.haskellstack.org/en/stable/lock_files

packages: []
snapshots:
- completed:
    sha256: 440ac8e798b5384646296f8c7f622dca92d4675a75d42f9178a666552534f2b5
    size: 629112
    url: https://raw.githubusercontent.com/commercialhaskell/stackage-snapshots/master/nightly/2023/5/12.yaml
  original: nightly-2023-05-12
