# This file was autogenerated by Stack.
# You should not edit this file by hand.
# For more information, please see the documentation at:
#   https://docs.haskellstack.org/en/stable/topics/lock_files

packages: []
snapshots:
- completed:
    sha256: fab6a1992f7bc4198c7f8dfbb32f87be1f0866ec5123c4bb59972d5a3b89ff5a
    size: 704692
    url: https://raw.githubusercontent.com/commercialhaskell/stackage-snapshots/master/nightly/2025/10/26.yaml
  original: nightly-2025-10-26
