# This file was autogenerated by Stack.
# You should not edit this file by hand.
# For more information, please see the documentation at:
#   https://docs.haskellstack.org/en/stable/lock_files

packages: []
snapshots:
- completed:
    sha256: b0735b9986f57ed36b99a704f3cf1d839e85345db36bc5e7d25215270e698746
    size: 632338
    url: https://raw.githubusercontent.com/commercialhaskell/stackage-snapshots/master/nightly/2023/6/4.yaml
  original: nightly-2023-06-04
