# This file was autogenerated by Stack.
# You should not edit this file by hand.
# For more information, please see the documentation at:
#   https://docs.haskellstack.org/en/stable/lock_files

packages: []
snapshots:
- completed:
    sha256: 0f7a7d3151007ae44d729aada39df3af6f2876c0787b754eebe895ae75634ec3
    size: 659084
    url: https://raw.githubusercontent.com/commercialhaskell/stackage-snapshots/master/nightly/2023/8/28.yaml
  original: nightly-2023-08-28
