# This file was autogenerated by Stack.
# You should not edit this file by hand.
# For more information, please see the documentation at:
#   https://docs.haskellstack.org/en/stable/lock_files

packages: []
snapshots:
- completed:
    size: 614841
    url: https://raw.githubusercontent.com/commercialhaskell/stackage-snapshots/master/nightly/2022/7/4.yaml
    sha256: 2d44a08a35e492f0d547eddf9007f4e4a71614101bb0f3dfca90a8b9eea0bc72
  original: nightly-2022-07-04
